
Microsoft Visual Studio Solution File, Format Version 12.00
Project("{FAE04EC0-301F-11D3-BF4B-00C04F79EFBC}") = "Domain", "Domain\Domain.csproj", "{DF9C1045-DC32-4C8C-A68B-F4E1390822DF}"
EndProject
Project("{FAE04EC0-301F-11D3-BF4B-00C04F79EFBC}") = "Application", "Application\Application.csproj", "{F34273CA-1C23-4FF0-93B1-E1E280096D75}"
EndProject
Project("{FAE04EC0-301F-11D3-BF4B-00C04F79EFBC}") = "Infrastructure.Storage", "Infrastructure.Storage\Infrastructure.Storage.csproj", "{A8612BA9-5C4C-46E4-898F-9F6F153B6163}"
EndProject
Project("{FAE04EC0-301F-11D3-BF4B-00C04F79EFBC}") = "Infrastructure.Caching", "Infrastructure.Caching\Infrastructure.Caching.csproj", "{CC95FD9E-3FB3-4821-B6CE-006319AE9650}"
EndProject
Project("{FAE04EC0-301F-11D3-BF4B-00C04F79EFBC}") = "Infrastructure.Messaging", "Infrastructure.Messaging\Infrastructure.Messaging.csproj", "{A2E2E375-5428-4AFA-A0BE-C3A05D407AB7}"
EndProject
Project("{FAE04EC0-301F-11D3-BF4B-00C04F79EFBC}") = "Worker", "Worker\Worker.csproj", "{6F752183-2A92-4816-AE0F-5098DA7A99EC}"
EndProject
Project("{FAE04EC0-301F-11D3-BF4B-00C04F79EFBC}") = "RelayService", "RelayService\RelayService.csproj", "{2766467E-814E-47B6-B932-FB8E3B2DE0E8}"
EndProject
Project("{FAE04EC0-301F-11D3-BF4B-00C04F79EFBC}") = "Migrator", "Migrator\Migrator.csproj", "{BD21D82C-A5D9-426E-9B09-002B0F3AA369}"
EndProject
Project("{FAE04EC0-301F-11D3-BF4B-00C04F79EFBC}") = "UnitTests", "UnitTests\UnitTests.csproj", "{5EE66682-C6EA-4AAC-BC78-46BBACCF3677}"
EndProject
Global
	GlobalSection(SolutionConfigurationPlatforms) = preSolution
		Debug|Any CPU = Debug|Any CPU
		Debug|x64 = Debug|x64
		Debug|x86 = Debug|x86
		Release|Any CPU = Release|Any CPU
		Release|x64 = Release|x64
		Release|x86 = Release|x86
	EndGlobalSection
	GlobalSection(ProjectConfigurationPlatforms) = postSolution
		{DF9C1045-DC32-4C8C-A68B-F4E1390822DF}.Debug|Any CPU.ActiveCfg = Debug|Any CPU
		{DF9C1045-DC32-4C8C-A68B-F4E1390822DF}.Debug|Any CPU.Build.0 = Debug|Any CPU
		{DF9C1045-DC32-4C8C-A68B-F4E1390822DF}.Debug|x64.ActiveCfg = Debug|Any CPU
		{DF9C1045-DC32-4C8C-A68B-F4E1390822DF}.Debug|x64.Build.0 = Debug|Any CPU
		{DF9C1045-DC32-4C8C-A68B-F4E1390822DF}.Debug|x86.ActiveCfg = Debug|Any CPU
		{DF9C1045-DC32-4C8C-A68B-F4E1390822DF}.Debug|x86.Build.0 = Debug|Any CPU
		{DF9C1045-DC32-4C8C-A68B-F4E1390822DF}.Release|Any CPU.ActiveCfg = Release|Any CPU
		{DF9C1045-DC32-4C8C-A68B-F4E1390822DF}.Release|Any CPU.Build.0 = Release|Any CPU
		{DF9C1045-DC32-4C8C-A68B-F4E1390822DF}.Release|x64.ActiveCfg = Release|Any CPU
		{DF9C1045-DC32-4C8C-A68B-F4E1390822DF}.Release|x64.Build.0 = Release|Any CPU
		{DF9C1045-DC32-4C8C-A68B-F4E1390822DF}.Release|x86.ActiveCfg = Release|Any CPU
		{DF9C1045-DC32-4C8C-A68B-F4E1390822DF}.Release|x86.Build.0 = Release|Any CPU
		{F34273CA-1C23-4FF0-93B1-E1E280096D75}.Debug|Any CPU.ActiveCfg = Debug|Any CPU
		{F34273CA-1C23-4FF0-93B1-E1E280096D75}.Debug|Any CPU.Build.0 = Debug|Any CPU
		{F34273CA-1C23-4FF0-93B1-E1E280096D75}.Debug|x64.ActiveCfg = Debug|Any CPU
		{F34273CA-1C23-4FF0-93B1-E1E280096D75}.Debug|x64.Build.0 = Debug|Any CPU
		{F34273CA-1C23-4FF0-93B1-E1E280096D75}.Debug|x86.ActiveCfg = Debug|Any CPU
		{F34273CA-1C23-4FF0-93B1-E1E280096D75}.Debug|x86.Build.0 = Debug|Any CPU
		{F34273CA-1C23-4FF0-93B1-E1E280096D75}.Release|Any CPU.ActiveCfg = Release|Any CPU
		{F34273CA-1C23-4FF0-93B1-E1E280096D75}.Release|Any CPU.Build.0 = Release|Any CPU
		{F34273CA-1C23-4FF0-93B1-E1E280096D75}.Release|x64.ActiveCfg = Release|Any CPU
		{F34273CA-1C23-4FF0-93B1-E1E280096D75}.Release|x64.Build.0 = Release|Any CPU
		{F34273CA-1C23-4FF0-93B1-E1E280096D75}.Release|x86.ActiveCfg = Release|Any CPU
		{F34273CA-1C23-4FF0-93B1-E1E280096D75}.Release|x86.Build.0 = Release|Any CPU
		{A8612BA9-5C4C-46E4-898F-9F6F153B6163}.Debug|Any CPU.ActiveCfg = Debug|Any CPU
		{A8612BA9-5C4C-46E4-898F-9F6F153B6163}.Debug|Any CPU.Build.0 = Debug|Any CPU
		{A8612BA9-5C4C-46E4-898F-9F6F153B6163}.Debug|x64.ActiveCfg = Debug|Any CPU
		{A8612BA9-5C4C-46E4-898F-9F6F153B6163}.Debug|x64.Build.0 = Debug|Any CPU
		{A8612BA9-5C4C-46E4-898F-9F6F153B6163}.Debug|x86.ActiveCfg = Debug|Any CPU
		{A8612BA9-5C4C-46E4-898F-9F6F153B6163}.Debug|x86.Build.0 = Debug|Any CPU
		{A8612BA9-5C4C-46E4-898F-9F6F153B6163}.Release|Any CPU.ActiveCfg = Release|Any CPU
		{A8612BA9-5C4C-46E4-898F-9F6F153B6163}.Release|Any CPU.Build.0 = Release|Any CPU
		{A8612BA9-5C4C-46E4-898F-9F6F153B6163}.Release|x64.ActiveCfg = Release|Any CPU
		{A8612BA9-5C4C-46E4-898F-9F6F153B6163}.Release|x64.Build.0 = Release|Any CPU
		{A8612BA9-5C4C-46E4-898F-9F6F153B6163}.Release|x86.ActiveCfg = Release|Any CPU
		{A8612BA9-5C4C-46E4-898F-9F6F153B6163}.Release|x86.Build.0 = Release|Any CPU
		{CC95FD9E-3FB3-4821-B6CE-006319AE9650}.Debug|Any CPU.ActiveCfg = Debug|Any CPU
		{CC95FD9E-3FB3-4821-B6CE-006319AE9650}.Debug|Any CPU.Build.0 = Debug|Any CPU
		{CC95FD9E-3FB3-4821-B6CE-006319AE9650}.Debug|x64.ActiveCfg = Debug|Any CPU
		{CC95FD9E-3FB3-4821-B6CE-006319AE9650}.Debug|x64.Build.0 = Debug|Any CPU
		{CC95FD9E-3FB3-4821-B6CE-006319AE9650}.Debug|x86.ActiveCfg = Debug|Any CPU
		{CC95FD9E-3FB3-4821-B6CE-006319AE9650}.Debug|x86.Build.0 = Debug|Any CPU
		{CC95FD9E-3FB3-4821-B6CE-006319AE9650}.Release|Any CPU.ActiveCfg = Release|Any CPU
		{CC95FD9E-3FB3-4821-B6CE-006319AE9650}.Release|Any CPU.Build.0 = Release|Any CPU
		{CC95FD9E-3FB3-4821-B6CE-006319AE9650}.Release|x64.ActiveCfg = Release|Any CPU
		{CC95FD9E-3FB3-4821-B6CE-006319AE9650}.Release|x64.Build.0 = Release|Any CPU
		{CC95FD9E-3FB3-4821-B6CE-006319AE9650}.Release|x86.ActiveCfg = Release|Any CPU
		{CC95FD9E-3FB3-4821-B6CE-006319AE9650}.Release|x86.Build.0 = Release|Any CPU
		{A2E2E375-5428-4AFA-A0BE-C3A05D407AB7}.Debug|Any CPU.ActiveCfg = Debug|Any CPU
		{A2E2E375-5428-4AFA-A0BE-C3A05D407AB7}.Debug|Any CPU.Build.0 = Debug|Any CPU
		{A2E2E375-5428-4AFA-A0BE-C3A05D407AB7}.Debug|x64.ActiveCfg = Debug|Any CPU
		{A2E2E375-5428-4AFA-A0BE-C3A05D407AB7}.Debug|x64.Build.0 = Debug|Any CPU
		{A2E2E375-5428-4AFA-A0BE-C3A05D407AB7}.Debug|x86.ActiveCfg = Debug|Any CPU
		{A2E2E375-5428-4AFA-A0BE-C3A05D407AB7}.Debug|x86.Build.0 = Debug|Any CPU
		{A2E2E375-5428-4AFA-A0BE-C3A05D407AB7}.Release|Any CPU.ActiveCfg = Release|Any CPU
		{A2E2E375-5428-4AFA-A0BE-C3A05D407AB7}.Release|Any CPU.Build.0 = Release|Any CPU
		{A2E2E375-5428-4AFA-A0BE-C3A05D407AB7}.Release|x64.ActiveCfg = Release|Any CPU
		{A2E2E375-5428-4AFA-A0BE-C3A05D407AB7}.Release|x64.Build.0 = Release|Any CPU
		{A2E2E375-5428-4AFA-A0BE-C3A05D407AB7}.Release|x86.ActiveCfg = Release|Any CPU
		{A2E2E375-5428-4AFA-A0BE-C3A05D407AB7}.Release|x86.Build.0 = Release|Any CPU
		{6F752183-2A92-4816-AE0F-5098DA7A99EC}.Debug|Any CPU.ActiveCfg = Debug|Any CPU
		{6F752183-2A92-4816-AE0F-5098DA7A99EC}.Debug|Any CPU.Build.0 = Debug|Any CPU
		{6F752183-2A92-4816-AE0F-5098DA7A99EC}.Debug|x64.ActiveCfg = Debug|Any CPU
		{6F752183-2A92-4816-AE0F-5098DA7A99EC}.Debug|x64.Build.0 = Debug|Any CPU
		{6F752183-2A92-4816-AE0F-5098DA7A99EC}.Debug|x86.ActiveCfg = Debug|Any CPU
		{6F752183-2A92-4816-AE0F-5098DA7A99EC}.Debug|x86.Build.0 = Debug|Any CPU
		{6F752183-2A92-4816-AE0F-5098DA7A99EC}.Release|Any CPU.ActiveCfg = Release|Any CPU
		{6F752183-2A92-4816-AE0F-5098DA7A99EC}.Release|Any CPU.Build.0 = Release|Any CPU
		{6F752183-2A92-4816-AE0F-5098DA7A99EC}.Release|x64.ActiveCfg = Release|Any CPU
		{6F752183-2A92-4816-AE0F-5098DA7A99EC}.Release|x64.Build.0 = Release|Any CPU
		{6F752183-2A92-4816-AE0F-5098DA7A99EC}.Release|x86.ActiveCfg = Release|Any CPU
		{6F752183-2A92-4816-AE0F-5098DA7A99EC}.Release|x86.Build.0 = Release|Any CPU
		{2766467E-814E-47B6-B932-FB8E3B2DE0E8}.Debug|Any CPU.ActiveCfg = Debug|Any CPU
		{2766467E-814E-47B6-B932-FB8E3B2DE0E8}.Debug|Any CPU.Build.0 = Debug|Any CPU
		{2766467E-814E-47B6-B932-FB8E3B2DE0E8}.Debug|x64.ActiveCfg = Debug|Any CPU
		{2766467E-814E-47B6-B932-FB8E3B2DE0E8}.Debug|x64.Build.0 = Debug|Any CPU
		{2766467E-814E-47B6-B932-FB8E3B2DE0E8}.Debug|x86.ActiveCfg = Debug|Any CPU
		{2766467E-814E-47B6-B932-FB8E3B2DE0E8}.Debug|x86.Build.0 = Debug|Any CPU
		{2766467E-814E-47B6-B932-FB8E3B2DE0E8}.Release|Any CPU.ActiveCfg = Release|Any CPU
		{2766467E-814E-47B6-B932-FB8E3B2DE0E8}.Release|Any CPU.Build.0 = Release|Any CPU
		{2766467E-814E-47B6-B932-FB8E3B2DE0E8}.Release|x64.ActiveCfg = Release|Any CPU
		{2766467E-814E-47B6-B932-FB8E3B2DE0E8}.Release|x64.Build.0 = Release|Any CPU
		{2766467E-814E-47B6-B932-FB8E3B2DE0E8}.Release|x86.ActiveCfg = Release|Any CPU
		{2766467E-814E-47B6-B932-FB8E3B2DE0E8}.Release|x86.Build.0 = Release|Any CPU
		{BD21D82C-A5D9-426E-9B09-002B0F3AA369}.Debug|Any CPU.ActiveCfg = Debug|Any CPU
		{BD21D82C-A5D9-426E-9B09-002B0F3AA369}.Debug|Any CPU.Build.0 = Debug|Any CPU
		{BD21D82C-A5D9-426E-9B09-002B0F3AA369}.Debug|x64.ActiveCfg = Debug|Any CPU
		{BD21D82C-A5D9-426E-9B09-002B0F3AA369}.Debug|x64.Build.0 = Debug|Any CPU
		{BD21D82C-A5D9-426E-9B09-002B0F3AA369}.Debug|x86.ActiveCfg = Debug|Any CPU
		{BD21D82C-A5D9-426E-9B09-002B0F3AA369}.Debug|x86.Build.0 = Debug|Any CPU
		{BD21D82C-A5D9-426E-9B09-002B0F3AA369}.Release|Any CPU.ActiveCfg = Release|Any CPU
		{BD21D82C-A5D9-426E-9B09-002B0F3AA369}.Release|Any CPU.Build.0 = Release|Any CPU
		{BD21D82C-A5D9-426E-9B09-002B0F3AA369}.Release|x64.ActiveCfg = Release|Any CPU
		{BD21D82C-A5D9-426E-9B09-002B0F3AA369}.Release|x64.Build.0 = Release|Any CPU
		{BD21D82C-A5D9-426E-9B09-002B0F3AA369}.Release|x86.ActiveCfg = Release|Any CPU
		{BD21D82C-A5D9-426E-9B09-002B0F3AA369}.Release|x86.Build.0 = Release|Any CPU
		{5EE66682-C6EA-4AAC-BC78-46BBACCF3677}.Debug|Any CPU.ActiveCfg = Debug|Any CPU
		{5EE66682-C6EA-4AAC-BC78-46BBACCF3677}.Debug|Any CPU.Build.0 = Debug|Any CPU
		{5EE66682-C6EA-4AAC-BC78-46BBACCF3677}.Debug|x64.ActiveCfg = Debug|Any CPU
		{5EE66682-C6EA-4AAC-BC78-46BBACCF3677}.Debug|x64.Build.0 = Debug|Any CPU
		{5EE66682-C6EA-4AAC-BC78-46BBACCF3677}.Debug|x86.ActiveCfg = Debug|Any CPU
		{5EE66682-C6EA-4AAC-BC78-46BBACCF3677}.Debug|x86.Build.0 = Debug|Any CPU
		{5EE66682-C6EA-4AAC-BC78-46BBACCF3677}.Release|Any CPU.ActiveCfg = Release|Any CPU
		{5EE66682-C6EA-4AAC-BC78-46BBACCF3677}.Release|Any CPU.Build.0 = Release|Any CPU
		{5EE66682-C6EA-4AAC-BC78-46BBACCF3677}.Release|x64.ActiveCfg = Release|Any CPU
		{5EE66682-C6EA-4AAC-BC78-46BBACCF3677}.Release|x64.Build.0 = Release|Any CPU
		{5EE66682-C6EA-4AAC-BC78-46BBACCF3677}.Release|x86.ActiveCfg = Release|Any CPU
		{5EE66682-C6EA-4AAC-BC78-46BBACCF3677}.Release|x86.Build.0 = Release|Any CPU
	EndGlobalSection
	GlobalSection(SolutionProperties) = preSolution
		HideSolutionNode = FALSE
	EndGlobalSection
EndGlobal
